{
  "name": "@workday/canvas-kit-react-modal",
  "version": "3.8.0",
  "lockfileVersion": 1,
  "requires": true,
  "dependencies": {
    "focus-trap-js": {
      "version": "git+https://github.com/alexandrzavalii/focus-trap-js.git#9657a2c63ef056164da7cad9acadee05fb2e50bc",
      "from": "git+https://github.com/alexandrzavalii/focus-trap-js.git#support_radio_input"
    }
  }
}
